
Microsoft Visual Studio Solution File, Format Version 12.00
# Visual Studio Version 17
VisualStudioVersion = 17.7.34202.233
MinimumVisualStudioVersion = 10.0.40219.1
Project("{9A19103F-16F7-4668-BE54-9A1E7A4F7556}") = "Fast typing", "Fast typing.csproj", "{127931BD-16D7-4649-9015-6B92327935FE}"
EndProject
Project("{9A19103F-16F7-4668-BE54-9A1E7A4F7556}") = "Back fast typing", "..\Back fast typing\Back fast typing.csproj", "{708DC98A-A973-4CA5-A5AE-9021149E4EC2}"
EndProject
Project("{9A19103F-16F7-4668-BE54-9A1E7A4F7556}") = "Fast typing Kernel", "..\FastTypingKernel\Fast typing Kernel.csproj", "{E708041D-3A05-4BE7-B989-C5BBB30C887F}"
EndProject
Project("{9A19103F-16F7-4668-BE54-9A1E7A4F7556}") = "Fast typing Test", "..\FastTyping\Fast typing Test.csproj", "{7155E062-BECF-417E-BEB1-7490B04D9533}"
EndProject
Project("{FAE04EC0-301F-11D3-BF4B-00C04F79EFBC}") = "Fast typing App", "..\Fast typing App\Fast typing App.csproj", "{60497B3B-A07F-439C-B29B-1B9D4314D45F}"
EndProject
Global
	GlobalSection(SolutionConfigurationPlatforms) = preSolution
		Debug|Any CPU = Debug|Any CPU
		Release|Any CPU = Release|Any CPU
	EndGlobalSection
	GlobalSection(ProjectConfigurationPlatforms) = postSolution
		{127931BD-16D7-4649-9015-6B92327935FE}.Debug|Any CPU.ActiveCfg = Debug|Any CPU
		{127931BD-16D7-4649-9015-6B92327935FE}.Debug|Any CPU.Build.0 = Debug|Any CPU
		{127931BD-16D7-4649-9015-6B92327935FE}.Release|Any CPU.ActiveCfg = Release|Any CPU
		{127931BD-16D7-4649-9015-6B92327935FE}.Release|Any CPU.Build.0 = Release|Any CPU
		{708DC98A-A973-4CA5-A5AE-9021149E4EC2}.Debug|Any CPU.ActiveCfg = Debug|Any CPU
		{708DC98A-A973-4CA5-A5AE-9021149E4EC2}.Debug|Any CPU.Build.0 = Debug|Any CPU
		{708DC98A-A973-4CA5-A5AE-9021149E4EC2}.Release|Any CPU.ActiveCfg = Release|Any CPU
		{708DC98A-A973-4CA5-A5AE-9021149E4EC2}.Release|Any CPU.Build.0 = Release|Any CPU
		{E708041D-3A05-4BE7-B989-C5BBB30C887F}.Debug|Any CPU.ActiveCfg = Debug|Any CPU
		{E708041D-3A05-4BE7-B989-C5BBB30C887F}.Debug|Any CPU.Build.0 = Debug|Any CPU
		{E708041D-3A05-4BE7-B989-C5BBB30C887F}.Release|Any CPU.ActiveCfg = Release|Any CPU
		{E708041D-3A05-4BE7-B989-C5BBB30C887F}.Release|Any CPU.Build.0 = Release|Any CPU
		{7155E062-BECF-417E-BEB1-7490B04D9533}.Debug|Any CPU.ActiveCfg = Debug|Any CPU
		{7155E062-BECF-417E-BEB1-7490B04D9533}.Debug|Any CPU.Build.0 = Debug|Any CPU
		{7155E062-BECF-417E-BEB1-7490B04D9533}.Release|Any CPU.ActiveCfg = Release|Any CPU
		{7155E062-BECF-417E-BEB1-7490B04D9533}.Release|Any CPU.Build.0 = Release|Any CPU
		{60497B3B-A07F-439C-B29B-1B9D4314D45F}.Debug|Any CPU.ActiveCfg = Debug|Any CPU
		{60497B3B-A07F-439C-B29B-1B9D4314D45F}.Debug|Any CPU.Build.0 = Debug|Any CPU
		{60497B3B-A07F-439C-B29B-1B9D4314D45F}.Release|Any CPU.ActiveCfg = Release|Any CPU
		{60497B3B-A07F-439C-B29B-1B9D4314D45F}.Release|Any CPU.Build.0 = Release|Any CPU
	EndGlobalSection
	GlobalSection(SolutionProperties) = preSolution
		HideSolutionNode = FALSE
	EndGlobalSection
	GlobalSection(ExtensibilityGlobals) = postSolution
		SolutionGuid = {B524596E-C3E3-4F41-BD21-2B4CC18E66AD}
	EndGlobalSection
EndGlobal
